
Microsoft Visual Studio Solution File, Format Version 12.00
# Visual Studio Version 16
VisualStudioVersion = 16.0.30309.148
MinimumVisualStudioVersion = 10.0.40219.1
Project("{FAE04EC0-301F-11D3-BF4B-00C04F79EFBC}") = "aiv-fast2d", "aiv-fast2d\aiv-fast2d.csproj", "{90EA02E6-9F1B-4396-B9A0-E54429F7952B}"
EndProject
Project("{FAE04EC0-301F-11D3-BF4B-00C04F79EFBC}") = "aiv-fast2d-example", "aiv-fast2d-example\aiv-fast2d-example.csproj", "{051FC68A-81B7-46AA-BADD-BFDEA23E9476}"
EndProject
Global
	GlobalSection(SolutionConfigurationPlatforms) = preSolution
		Debug|Any CPU = Debug|Any CPU
		Release|Any CPU = Release|Any CPU
	EndGlobalSection
	GlobalSection(ProjectConfigurationPlatforms) = postSolution
		{90EA02E6-9F1B-4396-B9A0-E54429F7952B}.Debug|Any CPU.ActiveCfg = Debug|Any CPU
		{90EA02E6-9F1B-4396-B9A0-E54429F7952B}.Debug|Any CPU.Build.0 = Debug|Any CPU
		{90EA02E6-9F1B-4396-B9A0-E54429F7952B}.Release|Any CPU.ActiveCfg = Release|Any CPU
		{90EA02E6-9F1B-4396-B9A0-E54429F7952B}.Release|Any CPU.Build.0 = Release|Any CPU
		{051FC68A-81B7-46AA-BADD-BFDEA23E9476}.Debug|Any CPU.ActiveCfg = Debug|Any CPU
		{051FC68A-81B7-46AA-BADD-BFDEA23E9476}.Debug|Any CPU.Build.0 = Debug|Any CPU
		{051FC68A-81B7-46AA-BADD-BFDEA23E9476}.Release|Any CPU.ActiveCfg = Release|Any CPU
		{051FC68A-81B7-46AA-BADD-BFDEA23E9476}.Release|Any CPU.Build.0 = Release|Any CPU
	EndGlobalSection
	GlobalSection(SolutionProperties) = preSolution
		HideSolutionNode = FALSE
	EndGlobalSection
	GlobalSection(ExtensibilityGlobals) = postSolution
		SolutionGuid = {5E3994C4-6FC6-4592-A477-0780F56E747C}
	EndGlobalSection
EndGlobal
