
Microsoft Visual Studio Solution File, Format Version 12.00
# Visual Studio 14
VisualStudioVersion = 14.0.24720.0
MinimumVisualStudioVersion = 10.0.40219.1
Project("{FAE04EC0-301F-11D3-BF4B-00C04F79EFBC}") = "aiv-fast2d", "aiv-fast2d\aiv-fast2d.csproj", "{90EA02E6-9F1B-4396-B9A0-E54429F7952B}"
EndProject
Project("{FAE04EC0-301F-11D3-BF4B-00C04F79EFBC}") = "aiv-fast2d-example", "aiv-fast2d-example\aiv-fast2d-example.csproj", "{051FC68A-81B7-46AA-BADD-BFDEA23E9476}"
EndProject
Project("{FAE04EC0-301F-11D3-BF4B-00C04F79EFBC}") = "aiv-fast2d-example-android", "aiv-fast2d-example-android\aiv-fast2d-example-android.csproj", "{374C0B2A-38A3-46CA-BF2B-825C7A119B3A}"
EndProject
Project("{FAE04EC0-301F-11D3-BF4B-00C04F79EFBC}") = "aiv-fast2d-android", "aiv-fast2d-android\aiv-fast2d-android.csproj", "{D932686E-1501-467B-8FDE-4F16137C9876}"
EndProject
Project("{FAE04EC0-301F-11D3-BF4B-00C04F79EFBC}") = "aiv-fast2d-example-units", "aiv-fast2d-example-units\aiv-fast2d-example-units.csproj", "{5A87C0B2-EDC9-45A5-AA5F-0FA1502FE79B}"
EndProject
Project("{FAE04EC0-301F-11D3-BF4B-00C04F79EFBC}") = "aiv-fast2d-example-android-obsolete", "aiv-fast2d-example-android-obsolete\aiv-fast2d-example-android-obsolete.csproj", "{9D21F8CA-285C-476B-BBC1-5923E361F5E4}"
EndProject
Project("{FAE04EC0-301F-11D3-BF4B-00C04F79EFBC}") = "aiv-fast2d-ios", "aiv-fast2d-ios\aiv-fast2d-ios.csproj", "{0D5AF0DE-B86B-48D4-B7FB-C515832FAF70}"
EndProject
Project("{FAE04EC0-301F-11D3-BF4B-00C04F79EFBC}") = "aiv-fast2d-example-ios", "aiv-fast2d-example-ios\aiv-fast2d-example-ios.csproj", "{453AA87D-9788-4BD0-A001-8C0947A7347C}"
EndProject
Project("{FAE04EC0-301F-11D3-BF4B-00C04F79EFBC}") = "aiv-fast2d-example-uwp", "aiv-fast2d-example-uwp\aiv-fast2d-example-uwp.csproj", "{D207FDD4-7EDE-4AB7-BA6F-EBFD68E22968}"
EndProject
Project("{FAE04EC0-301F-11D3-BF4B-00C04F79EFBC}") = "aiv-fast2d-uwp", "aiv-fast2d-uwp\aiv-fast2d-uwp.csproj", "{C3384E79-85F1-47AC-B761-F724B02400EB}"
EndProject
Global
	GlobalSection(SolutionConfigurationPlatforms) = preSolution
		Ad-Hoc|Any CPU = Ad-Hoc|Any CPU
		Ad-Hoc|ARM = Ad-Hoc|ARM
		Ad-Hoc|iPhone = Ad-Hoc|iPhone
		Ad-Hoc|iPhoneSimulator = Ad-Hoc|iPhoneSimulator
		Ad-Hoc|x64 = Ad-Hoc|x64
		Ad-Hoc|x86 = Ad-Hoc|x86
		AppStore|Any CPU = AppStore|Any CPU
		AppStore|ARM = AppStore|ARM
		AppStore|iPhone = AppStore|iPhone
		AppStore|iPhoneSimulator = AppStore|iPhoneSimulator
		AppStore|x64 = AppStore|x64
		AppStore|x86 = AppStore|x86
		Debug|Any CPU = Debug|Any CPU
		Debug|ARM = Debug|ARM
		Debug|iPhone = Debug|iPhone
		Debug|iPhoneSimulator = Debug|iPhoneSimulator
		Debug|x64 = Debug|x64
		Debug|x86 = Debug|x86
		Release|Any CPU = Release|Any CPU
		Release|ARM = Release|ARM
		Release|iPhone = Release|iPhone
		Release|iPhoneSimulator = Release|iPhoneSimulator
		Release|x64 = Release|x64
		Release|x86 = Release|x86
	EndGlobalSection
	GlobalSection(ProjectConfigurationPlatforms) = postSolution
		{90EA02E6-9F1B-4396-B9A0-E54429F7952B}.Ad-Hoc|Any CPU.ActiveCfg = Release|Any CPU
		{90EA02E6-9F1B-4396-B9A0-E54429F7952B}.Ad-Hoc|ARM.ActiveCfg = Debug|Any CPU
		{90EA02E6-9F1B-4396-B9A0-E54429F7952B}.Ad-Hoc|ARM.Build.0 = Debug|Any CPU
		{90EA02E6-9F1B-4396-B9A0-E54429F7952B}.Ad-Hoc|iPhone.ActiveCfg = Debug|Any CPU
		{90EA02E6-9F1B-4396-B9A0-E54429F7952B}.Ad-Hoc|iPhone.Build.0 = Debug|Any CPU
		{90EA02E6-9F1B-4396-B9A0-E54429F7952B}.Ad-Hoc|iPhoneSimulator.ActiveCfg = Release|Any CPU
		{90EA02E6-9F1B-4396-B9A0-E54429F7952B}.Ad-Hoc|x64.ActiveCfg = Debug|Any CPU
		{90EA02E6-9F1B-4396-B9A0-E54429F7952B}.Ad-Hoc|x64.Build.0 = Debug|Any CPU
		{90EA02E6-9F1B-4396-B9A0-E54429F7952B}.Ad-Hoc|x86.ActiveCfg = Debug|Any CPU
		{90EA02E6-9F1B-4396-B9A0-E54429F7952B}.Ad-Hoc|x86.Build.0 = Debug|Any CPU
		{90EA02E6-9F1B-4396-B9A0-E54429F7952B}.AppStore|Any CPU.ActiveCfg = Release|Any CPU
		{90EA02E6-9F1B-4396-B9A0-E54429F7952B}.AppStore|ARM.ActiveCfg = Debug|Any CPU
		{90EA02E6-9F1B-4396-B9A0-E54429F7952B}.AppStore|ARM.Build.0 = Debug|Any CPU
		{90EA02E6-9F1B-4396-B9A0-E54429F7952B}.AppStore|iPhone.ActiveCfg = Debug|Any CPU
		{90EA02E6-9F1B-4396-B9A0-E54429F7952B}.AppStore|iPhone.Build.0 = Debug|Any CPU
		{90EA02E6-9F1B-4396-B9A0-E54429F7952B}.AppStore|iPhoneSimulator.ActiveCfg = Release|Any CPU
		{90EA02E6-9F1B-4396-B9A0-E54429F7952B}.AppStore|x64.ActiveCfg = Debug|Any CPU
		{90EA02E6-9F1B-4396-B9A0-E54429F7952B}.AppStore|x64.Build.0 = Debug|Any CPU
		{90EA02E6-9F1B-4396-B9A0-E54429F7952B}.AppStore|x86.ActiveCfg = Debug|Any CPU
		{90EA02E6-9F1B-4396-B9A0-E54429F7952B}.AppStore|x86.Build.0 = Debug|Any CPU
		{90EA02E6-9F1B-4396-B9A0-E54429F7952B}.Debug|Any CPU.ActiveCfg = Debug|Any CPU
		{90EA02E6-9F1B-4396-B9A0-E54429F7952B}.Debug|Any CPU.Build.0 = Debug|Any CPU
		{90EA02E6-9F1B-4396-B9A0-E54429F7952B}.Debug|ARM.ActiveCfg = Debug|Any CPU
		{90EA02E6-9F1B-4396-B9A0-E54429F7952B}.Debug|ARM.Build.0 = Debug|Any CPU
		{90EA02E6-9F1B-4396-B9A0-E54429F7952B}.Debug|iPhone.ActiveCfg = Debug|Any CPU
		{90EA02E6-9F1B-4396-B9A0-E54429F7952B}.Debug|iPhone.Build.0 = Debug|Any CPU
		{90EA02E6-9F1B-4396-B9A0-E54429F7952B}.Debug|iPhoneSimulator.ActiveCfg = Debug|Any CPU
		{90EA02E6-9F1B-4396-B9A0-E54429F7952B}.Debug|iPhoneSimulator.Build.0 = Debug|Any CPU
		{90EA02E6-9F1B-4396-B9A0-E54429F7952B}.Debug|x64.ActiveCfg = Debug|Any CPU
		{90EA02E6-9F1B-4396-B9A0-E54429F7952B}.Debug|x64.Build.0 = Debug|Any CPU
		{90EA02E6-9F1B-4396-B9A0-E54429F7952B}.Debug|x86.ActiveCfg = Debug|Any CPU
		{90EA02E6-9F1B-4396-B9A0-E54429F7952B}.Debug|x86.Build.0 = Debug|Any CPU
		{90EA02E6-9F1B-4396-B9A0-E54429F7952B}.Release|Any CPU.ActiveCfg = Release|Any CPU
		{90EA02E6-9F1B-4396-B9A0-E54429F7952B}.Release|Any CPU.Build.0 = Release|Any CPU
		{90EA02E6-9F1B-4396-B9A0-E54429F7952B}.Release|ARM.ActiveCfg = Release|Any CPU
		{90EA02E6-9F1B-4396-B9A0-E54429F7952B}.Release|ARM.Build.0 = Release|Any CPU
		{90EA02E6-9F1B-4396-B9A0-E54429F7952B}.Release|iPhone.ActiveCfg = Release|Any CPU
		{90EA02E6-9F1B-4396-B9A0-E54429F7952B}.Release|iPhone.Build.0 = Release|Any CPU
		{90EA02E6-9F1B-4396-B9A0-E54429F7952B}.Release|iPhoneSimulator.ActiveCfg = Release|Any CPU
		{90EA02E6-9F1B-4396-B9A0-E54429F7952B}.Release|iPhoneSimulator.Build.0 = Release|Any CPU
		{90EA02E6-9F1B-4396-B9A0-E54429F7952B}.Release|x64.ActiveCfg = Release|Any CPU
		{90EA02E6-9F1B-4396-B9A0-E54429F7952B}.Release|x64.Build.0 = Release|Any CPU
		{90EA02E6-9F1B-4396-B9A0-E54429F7952B}.Release|x86.ActiveCfg = Release|Any CPU
		{90EA02E6-9F1B-4396-B9A0-E54429F7952B}.Release|x86.Build.0 = Release|Any CPU
		{051FC68A-81B7-46AA-BADD-BFDEA23E9476}.Ad-Hoc|Any CPU.ActiveCfg = Release|Any CPU
		{051FC68A-81B7-46AA-BADD-BFDEA23E9476}.Ad-Hoc|ARM.ActiveCfg = Debug|Any CPU
		{051FC68A-81B7-46AA-BADD-BFDEA23E9476}.Ad-Hoc|ARM.Build.0 = Debug|Any CPU
		{051FC68A-81B7-46AA-BADD-BFDEA23E9476}.Ad-Hoc|iPhone.ActiveCfg = Debug|Any CPU
		{051FC68A-81B7-46AA-BADD-BFDEA23E9476}.Ad-Hoc|iPhone.Build.0 = Debug|Any CPU
		{051FC68A-81B7-46AA-BADD-BFDEA23E9476}.Ad-Hoc|iPhoneSimulator.ActiveCfg = Release|Any CPU
		{051FC68A-81B7-46AA-BADD-BFDEA23E9476}.Ad-Hoc|x64.ActiveCfg = Debug|Any CPU
		{051FC68A-81B7-46AA-BADD-BFDEA23E9476}.Ad-Hoc|x64.Build.0 = Debug|Any CPU
		{051FC68A-81B7-46AA-BADD-BFDEA23E9476}.Ad-Hoc|x86.ActiveCfg = Debug|Any CPU
		{051FC68A-81B7-46AA-BADD-BFDEA23E9476}.Ad-Hoc|x86.Build.0 = Debug|Any CPU
		{051FC68A-81B7-46AA-BADD-BFDEA23E9476}.AppStore|Any CPU.ActiveCfg = Release|Any CPU
		{051FC68A-81B7-46AA-BADD-BFDEA23E9476}.AppStore|ARM.ActiveCfg = Debug|Any CPU
		{051FC68A-81B7-46AA-BADD-BFDEA23E9476}.AppStore|ARM.Build.0 = Debug|Any CPU
		{051FC68A-81B7-46AA-BADD-BFDEA23E9476}.AppStore|iPhone.ActiveCfg = Debug|Any CPU
		{051FC68A-81B7-46AA-BADD-BFDEA23E9476}.AppStore|iPhone.Build.0 = Debug|Any CPU
		{051FC68A-81B7-46AA-BADD-BFDEA23E9476}.AppStore|iPhoneSimulator.ActiveCfg = Release|Any CPU
		{051FC68A-81B7-46AA-BADD-BFDEA23E9476}.AppStore|x64.ActiveCfg = Debug|Any CPU
		{051FC68A-81B7-46AA-BADD-BFDEA23E9476}.AppStore|x64.Build.0 = Debug|Any CPU
		{051FC68A-81B7-46AA-BADD-BFDEA23E9476}.AppStore|x86.ActiveCfg = Debug|Any CPU
		{051FC68A-81B7-46AA-BADD-BFDEA23E9476}.AppStore|x86.Build.0 = Debug|Any CPU
		{051FC68A-81B7-46AA-BADD-BFDEA23E9476}.Debug|Any CPU.ActiveCfg = Debug|Any CPU
		{051FC68A-81B7-46AA-BADD-BFDEA23E9476}.Debug|Any CPU.Build.0 = Debug|Any CPU
		{051FC68A-81B7-46AA-BADD-BFDEA23E9476}.Debug|ARM.ActiveCfg = Debug|Any CPU
		{051FC68A-81B7-46AA-BADD-BFDEA23E9476}.Debug|ARM.Build.0 = Debug|Any CPU
		{051FC68A-81B7-46AA-BADD-BFDEA23E9476}.Debug|iPhone.ActiveCfg = Debug|Any CPU
		{051FC68A-81B7-46AA-BADD-BFDEA23E9476}.Debug|iPhone.Build.0 = Debug|Any CPU
		{051FC68A-81B7-46AA-BADD-BFDEA23E9476}.Debug|iPhoneSimulator.ActiveCfg = Debug|Any CPU
		{051FC68A-81B7-46AA-BADD-BFDEA23E9476}.Debug|iPhoneSimulator.Build.0 = Debug|Any CPU
		{051FC68A-81B7-46AA-BADD-BFDEA23E9476}.Debug|x64.ActiveCfg = Debug|Any CPU
		{051FC68A-81B7-46AA-BADD-BFDEA23E9476}.Debug|x64.Build.0 = Debug|Any CPU
		{051FC68A-81B7-46AA-BADD-BFDEA23E9476}.Debug|x86.ActiveCfg = Debug|Any CPU
		{051FC68A-81B7-46AA-BADD-BFDEA23E9476}.Debug|x86.Build.0 = Debug|Any CPU
		{051FC68A-81B7-46AA-BADD-BFDEA23E9476}.Release|Any CPU.ActiveCfg = Release|Any CPU
		{051FC68A-81B7-46AA-BADD-BFDEA23E9476}.Release|Any CPU.Build.0 = Release|Any CPU
		{051FC68A-81B7-46AA-BADD-BFDEA23E9476}.Release|ARM.ActiveCfg = Release|Any CPU
		{051FC68A-81B7-46AA-BADD-BFDEA23E9476}.Release|ARM.Build.0 = Release|Any CPU
		{051FC68A-81B7-46AA-BADD-BFDEA23E9476}.Release|iPhone.ActiveCfg = Release|Any CPU
		{051FC68A-81B7-46AA-BADD-BFDEA23E9476}.Release|iPhone.Build.0 = Release|Any CPU
		{051FC68A-81B7-46AA-BADD-BFDEA23E9476}.Release|iPhoneSimulator.ActiveCfg = Release|Any CPU
		{051FC68A-81B7-46AA-BADD-BFDEA23E9476}.Release|iPhoneSimulator.Build.0 = Release|Any CPU
		{051FC68A-81B7-46AA-BADD-BFDEA23E9476}.Release|x64.ActiveCfg = Release|Any CPU
		{051FC68A-81B7-46AA-BADD-BFDEA23E9476}.Release|x64.Build.0 = Release|Any CPU
		{051FC68A-81B7-46AA-BADD-BFDEA23E9476}.Release|x86.ActiveCfg = Release|Any CPU
		{051FC68A-81B7-46AA-BADD-BFDEA23E9476}.Release|x86.Build.0 = Release|Any CPU
		{374C0B2A-38A3-46CA-BF2B-825C7A119B3A}.Ad-Hoc|Any CPU.ActiveCfg = Release|Any CPU
		{374C0B2A-38A3-46CA-BF2B-825C7A119B3A}.Ad-Hoc|ARM.ActiveCfg = Debug|Any CPU
		{374C0B2A-38A3-46CA-BF2B-825C7A119B3A}.Ad-Hoc|ARM.Build.0 = Debug|Any CPU
		{374C0B2A-38A3-46CA-BF2B-825C7A119B3A}.Ad-Hoc|ARM.Deploy.0 = Debug|Any CPU
		{374C0B2A-38A3-46CA-BF2B-825C7A119B3A}.Ad-Hoc|iPhone.ActiveCfg = Debug|Any CPU
		{374C0B2A-38A3-46CA-BF2B-825C7A119B3A}.Ad-Hoc|iPhone.Build.0 = Debug|Any CPU
		{374C0B2A-38A3-46CA-BF2B-825C7A119B3A}.Ad-Hoc|iPhoneSimulator.ActiveCfg = Release|Any CPU
		{374C0B2A-38A3-46CA-BF2B-825C7A119B3A}.Ad-Hoc|x64.ActiveCfg = Debug|Any CPU
		{374C0B2A-38A3-46CA-BF2B-825C7A119B3A}.Ad-Hoc|x64.Build.0 = Debug|Any CPU
		{374C0B2A-38A3-46CA-BF2B-825C7A119B3A}.Ad-Hoc|x64.Deploy.0 = Debug|Any CPU
		{374C0B2A-38A3-46CA-BF2B-825C7A119B3A}.Ad-Hoc|x86.ActiveCfg = Debug|Any CPU
		{374C0B2A-38A3-46CA-BF2B-825C7A119B3A}.Ad-Hoc|x86.Build.0 = Debug|Any CPU
		{374C0B2A-38A3-46CA-BF2B-825C7A119B3A}.Ad-Hoc|x86.Deploy.0 = Debug|Any CPU
		{374C0B2A-38A3-46CA-BF2B-825C7A119B3A}.AppStore|Any CPU.ActiveCfg = Release|Any CPU
		{374C0B2A-38A3-46CA-BF2B-825C7A119B3A}.AppStore|ARM.ActiveCfg = Debug|Any CPU
		{374C0B2A-38A3-46CA-BF2B-825C7A119B3A}.AppStore|ARM.Build.0 = Debug|Any CPU
		{374C0B2A-38A3-46CA-BF2B-825C7A119B3A}.AppStore|ARM.Deploy.0 = Debug|Any CPU
		{374C0B2A-38A3-46CA-BF2B-825C7A119B3A}.AppStore|iPhone.ActiveCfg = Debug|Any CPU
		{374C0B2A-38A3-46CA-BF2B-825C7A119B3A}.AppStore|iPhone.Build.0 = Debug|Any CPU
		{374C0B2A-38A3-46CA-BF2B-825C7A119B3A}.AppStore|iPhoneSimulator.ActiveCfg = Release|Any CPU
		{374C0B2A-38A3-46CA-BF2B-825C7A119B3A}.AppStore|x64.ActiveCfg = Debug|Any CPU
		{374C0B2A-38A3-46CA-BF2B-825C7A119B3A}.AppStore|x64.Build.0 = Debug|Any CPU
		{374C0B2A-38A3-46CA-BF2B-825C7A119B3A}.AppStore|x64.Deploy.0 = Debug|Any CPU
		{374C0B2A-38A3-46CA-BF2B-825C7A119B3A}.AppStore|x86.ActiveCfg = Debug|Any CPU
		{374C0B2A-38A3-46CA-BF2B-825C7A119B3A}.AppStore|x86.Build.0 = Debug|Any CPU
		{374C0B2A-38A3-46CA-BF2B-825C7A119B3A}.AppStore|x86.Deploy.0 = Debug|Any CPU
		{374C0B2A-38A3-46CA-BF2B-825C7A119B3A}.Debug|Any CPU.ActiveCfg = Debug|Any CPU
		{374C0B2A-38A3-46CA-BF2B-825C7A119B3A}.Debug|Any CPU.Build.0 = Debug|Any CPU
		{374C0B2A-38A3-46CA-BF2B-825C7A119B3A}.Debug|Any CPU.Deploy.0 = Debug|Any CPU
		{374C0B2A-38A3-46CA-BF2B-825C7A119B3A}.Debug|ARM.ActiveCfg = Debug|Any CPU
		{374C0B2A-38A3-46CA-BF2B-825C7A119B3A}.Debug|ARM.Build.0 = Debug|Any CPU
		{374C0B2A-38A3-46CA-BF2B-825C7A119B3A}.Debug|ARM.Deploy.0 = Debug|Any CPU
		{374C0B2A-38A3-46CA-BF2B-825C7A119B3A}.Debug|iPhone.ActiveCfg = Debug|Any CPU
		{374C0B2A-38A3-46CA-BF2B-825C7A119B3A}.Debug|iPhone.Build.0 = Debug|Any CPU
		{374C0B2A-38A3-46CA-BF2B-825C7A119B3A}.Debug|iPhoneSimulator.ActiveCfg = Debug|Any CPU
		{374C0B2A-38A3-46CA-BF2B-825C7A119B3A}.Debug|iPhoneSimulator.Build.0 = Debug|Any CPU
		{374C0B2A-38A3-46CA-BF2B-825C7A119B3A}.Debug|x64.ActiveCfg = Debug|Any CPU
		{374C0B2A-38A3-46CA-BF2B-825C7A119B3A}.Debug|x64.Build.0 = Debug|Any CPU
		{374C0B2A-38A3-46CA-BF2B-825C7A119B3A}.Debug|x64.Deploy.0 = Debug|Any CPU
		{374C0B2A-38A3-46CA-BF2B-825C7A119B3A}.Debug|x86.ActiveCfg = Debug|Any CPU
		{374C0B2A-38A3-46CA-BF2B-825C7A119B3A}.Debug|x86.Build.0 = Debug|Any CPU
		{374C0B2A-38A3-46CA-BF2B-825C7A119B3A}.Debug|x86.Deploy.0 = Debug|Any CPU
		{374C0B2A-38A3-46CA-BF2B-825C7A119B3A}.Release|Any CPU.ActiveCfg = Release|Any CPU
		{374C0B2A-38A3-46CA-BF2B-825C7A119B3A}.Release|Any CPU.Build.0 = Release|Any CPU
		{374C0B2A-38A3-46CA-BF2B-825C7A119B3A}.Release|Any CPU.Deploy.0 = Release|Any CPU
		{374C0B2A-38A3-46CA-BF2B-825C7A119B3A}.Release|ARM.ActiveCfg = Release|Any CPU
		{374C0B2A-38A3-46CA-BF2B-825C7A119B3A}.Release|ARM.Build.0 = Release|Any CPU
		{374C0B2A-38A3-46CA-BF2B-825C7A119B3A}.Release|ARM.Deploy.0 = Release|Any CPU
		{374C0B2A-38A3-46CA-BF2B-825C7A119B3A}.Release|iPhone.ActiveCfg = Release|Any CPU
		{374C0B2A-38A3-46CA-BF2B-825C7A119B3A}.Release|iPhone.Build.0 = Release|Any CPU
		{374C0B2A-38A3-46CA-BF2B-825C7A119B3A}.Release|iPhoneSimulator.ActiveCfg = Release|Any CPU
		{374C0B2A-38A3-46CA-BF2B-825C7A119B3A}.Release|iPhoneSimulator.Build.0 = Release|Any CPU
		{374C0B2A-38A3-46CA-BF2B-825C7A119B3A}.Release|x64.ActiveCfg = Release|Any CPU
		{374C0B2A-38A3-46CA-BF2B-825C7A119B3A}.Release|x64.Build.0 = Release|Any CPU
		{374C0B2A-38A3-46CA-BF2B-825C7A119B3A}.Release|x64.Deploy.0 = Release|Any CPU
		{374C0B2A-38A3-46CA-BF2B-825C7A119B3A}.Release|x86.ActiveCfg = Release|Any CPU
		{374C0B2A-38A3-46CA-BF2B-825C7A119B3A}.Release|x86.Build.0 = Release|Any CPU
		{374C0B2A-38A3-46CA-BF2B-825C7A119B3A}.Release|x86.Deploy.0 = Release|Any CPU
		{D932686E-1501-467B-8FDE-4F16137C9876}.Ad-Hoc|Any CPU.ActiveCfg = Release|Any CPU
		{D932686E-1501-467B-8FDE-4F16137C9876}.Ad-Hoc|ARM.ActiveCfg = Debug|Any CPU
		{D932686E-1501-467B-8FDE-4F16137C9876}.Ad-Hoc|ARM.Build.0 = Debug|Any CPU
		{D932686E-1501-467B-8FDE-4F16137C9876}.Ad-Hoc|iPhone.ActiveCfg = Debug|Any CPU
		{D932686E-1501-467B-8FDE-4F16137C9876}.Ad-Hoc|iPhone.Build.0 = Debug|Any CPU
		{D932686E-1501-467B-8FDE-4F16137C9876}.Ad-Hoc|iPhoneSimulator.ActiveCfg = Release|Any CPU
		{D932686E-1501-467B-8FDE-4F16137C9876}.Ad-Hoc|x64.ActiveCfg = Debug|Any CPU
		{D932686E-1501-467B-8FDE-4F16137C9876}.Ad-Hoc|x64.Build.0 = Debug|Any CPU
		{D932686E-1501-467B-8FDE-4F16137C9876}.Ad-Hoc|x86.ActiveCfg = Debug|Any CPU
		{D932686E-1501-467B-8FDE-4F16137C9876}.Ad-Hoc|x86.Build.0 = Debug|Any CPU
		{D932686E-1501-467B-8FDE-4F16137C9876}.AppStore|Any CPU.ActiveCfg = Release|Any CPU
		{D932686E-1501-467B-8FDE-4F16137C9876}.AppStore|ARM.ActiveCfg = Debug|Any CPU
		{D932686E-1501-467B-8FDE-4F16137C9876}.AppStore|ARM.Build.0 = Debug|Any CPU
		{D932686E-1501-467B-8FDE-4F16137C9876}.AppStore|iPhone.ActiveCfg = Debug|Any CPU
		{D932686E-1501-467B-8FDE-4F16137C9876}.AppStore|iPhone.Build.0 = Debug|Any CPU
		{D932686E-1501-467B-8FDE-4F16137C9876}.AppStore|iPhoneSimulator.ActiveCfg = Release|Any CPU
		{D932686E-1501-467B-8FDE-4F16137C9876}.AppStore|x64.ActiveCfg = Debug|Any CPU
		{D932686E-1501-467B-8FDE-4F16137C9876}.AppStore|x64.Build.0 = Debug|Any CPU
		{D932686E-1501-467B-8FDE-4F16137C9876}.AppStore|x86.ActiveCfg = Debug|Any CPU
		{D932686E-1501-467B-8FDE-4F16137C9876}.AppStore|x86.Build.0 = Debug|Any CPU
		{D932686E-1501-467B-8FDE-4F16137C9876}.Debug|Any CPU.ActiveCfg = Debug|Any CPU
		{D932686E-1501-467B-8FDE-4F16137C9876}.Debug|Any CPU.Build.0 = Debug|Any CPU
		{D932686E-1501-467B-8FDE-4F16137C9876}.Debug|ARM.ActiveCfg = Debug|Any CPU
		{D932686E-1501-467B-8FDE-4F16137C9876}.Debug|ARM.Build.0 = Debug|Any CPU
		{D932686E-1501-467B-8FDE-4F16137C9876}.Debug|iPhone.ActiveCfg = Debug|Any CPU
		{D932686E-1501-467B-8FDE-4F16137C9876}.Debug|iPhone.Build.0 = Debug|Any CPU
		{D932686E-1501-467B-8FDE-4F16137C9876}.Debug|iPhoneSimulator.ActiveCfg = Debug|Any CPU
		{D932686E-1501-467B-8FDE-4F16137C9876}.Debug|iPhoneSimulator.Build.0 = Debug|Any CPU
		{D932686E-1501-467B-8FDE-4F16137C9876}.Debug|x64.ActiveCfg = Debug|Any CPU
		{D932686E-1501-467B-8FDE-4F16137C9876}.Debug|x64.Build.0 = Debug|Any CPU
		{D932686E-1501-467B-8FDE-4F16137C9876}.Debug|x86.ActiveCfg = Debug|Any CPU
		{D932686E-1501-467B-8FDE-4F16137C9876}.Debug|x86.Build.0 = Debug|Any CPU
		{D932686E-1501-467B-8FDE-4F16137C9876}.Release|Any CPU.ActiveCfg = Release|Any CPU
		{D932686E-1501-467B-8FDE-4F16137C9876}.Release|Any CPU.Build.0 = Release|Any CPU
		{D932686E-1501-467B-8FDE-4F16137C9876}.Release|ARM.ActiveCfg = Release|Any CPU
		{D932686E-1501-467B-8FDE-4F16137C9876}.Release|ARM.Build.0 = Release|Any CPU
		{D932686E-1501-467B-8FDE-4F16137C9876}.Release|iPhone.ActiveCfg = Release|Any CPU
		{D932686E-1501-467B-8FDE-4F16137C9876}.Release|iPhone.Build.0 = Release|Any CPU
		{D932686E-1501-467B-8FDE-4F16137C9876}.Release|iPhoneSimulator.ActiveCfg = Release|Any CPU
		{D932686E-1501-467B-8FDE-4F16137C9876}.Release|iPhoneSimulator.Build.0 = Release|Any CPU
		{D932686E-1501-467B-8FDE-4F16137C9876}.Release|x64.ActiveCfg = Release|Any CPU
		{D932686E-1501-467B-8FDE-4F16137C9876}.Release|x64.Build.0 = Release|Any CPU
		{D932686E-1501-467B-8FDE-4F16137C9876}.Release|x86.ActiveCfg = Release|Any CPU
		{D932686E-1501-467B-8FDE-4F16137C9876}.Release|x86.Build.0 = Release|Any CPU
		{5A87C0B2-EDC9-45A5-AA5F-0FA1502FE79B}.Ad-Hoc|Any CPU.ActiveCfg = Release|Any CPU
		{5A87C0B2-EDC9-45A5-AA5F-0FA1502FE79B}.Ad-Hoc|ARM.ActiveCfg = Debug|Any CPU
		{5A87C0B2-EDC9-45A5-AA5F-0FA1502FE79B}.Ad-Hoc|ARM.Build.0 = Debug|Any CPU
		{5A87C0B2-EDC9-45A5-AA5F-0FA1502FE79B}.Ad-Hoc|iPhone.ActiveCfg = Debug|Any CPU
		{5A87C0B2-EDC9-45A5-AA5F-0FA1502FE79B}.Ad-Hoc|iPhone.Build.0 = Debug|Any CPU
		{5A87C0B2-EDC9-45A5-AA5F-0FA1502FE79B}.Ad-Hoc|iPhoneSimulator.ActiveCfg = Release|Any CPU
		{5A87C0B2-EDC9-45A5-AA5F-0FA1502FE79B}.Ad-Hoc|x64.ActiveCfg = Debug|Any CPU
		{5A87C0B2-EDC9-45A5-AA5F-0FA1502FE79B}.Ad-Hoc|x64.Build.0 = Debug|Any CPU
		{5A87C0B2-EDC9-45A5-AA5F-0FA1502FE79B}.Ad-Hoc|x86.ActiveCfg = Debug|Any CPU
		{5A87C0B2-EDC9-45A5-AA5F-0FA1502FE79B}.Ad-Hoc|x86.Build.0 = Debug|Any CPU
		{5A87C0B2-EDC9-45A5-AA5F-0FA1502FE79B}.AppStore|Any CPU.ActiveCfg = Release|Any CPU
		{5A87C0B2-EDC9-45A5-AA5F-0FA1502FE79B}.AppStore|ARM.ActiveCfg = Debug|Any CPU
		{5A87C0B2-EDC9-45A5-AA5F-0FA1502FE79B}.AppStore|ARM.Build.0 = Debug|Any CPU
		{5A87C0B2-EDC9-45A5-AA5F-0FA1502FE79B}.AppStore|iPhone.ActiveCfg = Debug|Any CPU
		{5A87C0B2-EDC9-45A5-AA5F-0FA1502FE79B}.AppStore|iPhone.Build.0 = Debug|Any CPU
		{5A87C0B2-EDC9-45A5-AA5F-0FA1502FE79B}.AppStore|iPhoneSimulator.ActiveCfg = Release|Any CPU
		{5A87C0B2-EDC9-45A5-AA5F-0FA1502FE79B}.AppStore|x64.ActiveCfg = Debug|Any CPU
		{5A87C0B2-EDC9-45A5-AA5F-0FA1502FE79B}.AppStore|x64.Build.0 = Debug|Any CPU
		{5A87C0B2-EDC9-45A5-AA5F-0FA1502FE79B}.AppStore|x86.ActiveCfg = Debug|Any CPU
		{5A87C0B2-EDC9-45A5-AA5F-0FA1502FE79B}.AppStore|x86.Build.0 = Debug|Any CPU
		{5A87C0B2-EDC9-45A5-AA5F-0FA1502FE79B}.Debug|Any CPU.ActiveCfg = Debug|Any CPU
		{5A87C0B2-EDC9-45A5-AA5F-0FA1502FE79B}.Debug|Any CPU.Build.0 = Debug|Any CPU
		{5A87C0B2-EDC9-45A5-AA5F-0FA1502FE79B}.Debug|ARM.ActiveCfg = Debug|Any CPU
		{5A87C0B2-EDC9-45A5-AA5F-0FA1502FE79B}.Debug|ARM.Build.0 = Debug|Any CPU
		{5A87C0B2-EDC9-45A5-AA5F-0FA1502FE79B}.Debug|iPhone.ActiveCfg = Debug|Any CPU
		{5A87C0B2-EDC9-45A5-AA5F-0FA1502FE79B}.Debug|iPhone.Build.0 = Debug|Any CPU
		{5A87C0B2-EDC9-45A5-AA5F-0FA1502FE79B}.Debug|iPhoneSimulator.ActiveCfg = Debug|Any CPU
		{5A87C0B2-EDC9-45A5-AA5F-0FA1502FE79B}.Debug|iPhoneSimulator.Build.0 = Debug|Any CPU
		{5A87C0B2-EDC9-45A5-AA5F-0FA1502FE79B}.Debug|x64.ActiveCfg = Debug|Any CPU
		{5A87C0B2-EDC9-45A5-AA5F-0FA1502FE79B}.Debug|x64.Build.0 = Debug|Any CPU
		{5A87C0B2-EDC9-45A5-AA5F-0FA1502FE79B}.Debug|x86.ActiveCfg = Debug|Any CPU
		{5A87C0B2-EDC9-45A5-AA5F-0FA1502FE79B}.Debug|x86.Build.0 = Debug|Any CPU
		{5A87C0B2-EDC9-45A5-AA5F-0FA1502FE79B}.Release|Any CPU.ActiveCfg = Release|Any CPU
		{5A87C0B2-EDC9-45A5-AA5F-0FA1502FE79B}.Release|Any CPU.Build.0 = Release|Any CPU
		{5A87C0B2-EDC9-45A5-AA5F-0FA1502FE79B}.Release|ARM.ActiveCfg = Release|Any CPU
		{5A87C0B2-EDC9-45A5-AA5F-0FA1502FE79B}.Release|ARM.Build.0 = Release|Any CPU
		{5A87C0B2-EDC9-45A5-AA5F-0FA1502FE79B}.Release|iPhone.ActiveCfg = Release|Any CPU
		{5A87C0B2-EDC9-45A5-AA5F-0FA1502FE79B}.Release|iPhone.Build.0 = Release|Any CPU
		{5A87C0B2-EDC9-45A5-AA5F-0FA1502FE79B}.Release|iPhoneSimulator.ActiveCfg = Release|Any CPU
		{5A87C0B2-EDC9-45A5-AA5F-0FA1502FE79B}.Release|iPhoneSimulator.Build.0 = Release|Any CPU
		{5A87C0B2-EDC9-45A5-AA5F-0FA1502FE79B}.Release|x64.ActiveCfg = Release|Any CPU
		{5A87C0B2-EDC9-45A5-AA5F-0FA1502FE79B}.Release|x64.Build.0 = Release|Any CPU
		{5A87C0B2-EDC9-45A5-AA5F-0FA1502FE79B}.Release|x86.ActiveCfg = Release|Any CPU
		{5A87C0B2-EDC9-45A5-AA5F-0FA1502FE79B}.Release|x86.Build.0 = Release|Any CPU
		{9D21F8CA-285C-476B-BBC1-5923E361F5E4}.Ad-Hoc|Any CPU.ActiveCfg = Release|Any CPU
		{9D21F8CA-285C-476B-BBC1-5923E361F5E4}.Ad-Hoc|ARM.ActiveCfg = Debug|Any CPU
		{9D21F8CA-285C-476B-BBC1-5923E361F5E4}.Ad-Hoc|ARM.Build.0 = Debug|Any CPU
		{9D21F8CA-285C-476B-BBC1-5923E361F5E4}.Ad-Hoc|ARM.Deploy.0 = Debug|Any CPU
		{9D21F8CA-285C-476B-BBC1-5923E361F5E4}.Ad-Hoc|iPhone.ActiveCfg = Debug|Any CPU
		{9D21F8CA-285C-476B-BBC1-5923E361F5E4}.Ad-Hoc|iPhone.Build.0 = Debug|Any CPU
		{9D21F8CA-285C-476B-BBC1-5923E361F5E4}.Ad-Hoc|iPhoneSimulator.ActiveCfg = Release|Any CPU
		{9D21F8CA-285C-476B-BBC1-5923E361F5E4}.Ad-Hoc|x64.ActiveCfg = Debug|Any CPU
		{9D21F8CA-285C-476B-BBC1-5923E361F5E4}.Ad-Hoc|x64.Build.0 = Debug|Any CPU
		{9D21F8CA-285C-476B-BBC1-5923E361F5E4}.Ad-Hoc|x64.Deploy.0 = Debug|Any CPU
		{9D21F8CA-285C-476B-BBC1-5923E361F5E4}.Ad-Hoc|x86.ActiveCfg = Debug|Any CPU
		{9D21F8CA-285C-476B-BBC1-5923E361F5E4}.Ad-Hoc|x86.Build.0 = Debug|Any CPU
		{9D21F8CA-285C-476B-BBC1-5923E361F5E4}.Ad-Hoc|x86.Deploy.0 = Debug|Any CPU
		{9D21F8CA-285C-476B-BBC1-5923E361F5E4}.AppStore|Any CPU.ActiveCfg = Release|Any CPU
		{9D21F8CA-285C-476B-BBC1-5923E361F5E4}.AppStore|ARM.ActiveCfg = Debug|Any CPU
		{9D21F8CA-285C-476B-BBC1-5923E361F5E4}.AppStore|ARM.Build.0 = Debug|Any CPU
		{9D21F8CA-285C-476B-BBC1-5923E361F5E4}.AppStore|ARM.Deploy.0 = Debug|Any CPU
		{9D21F8CA-285C-476B-BBC1-5923E361F5E4}.AppStore|iPhone.ActiveCfg = Debug|Any CPU
		{9D21F8CA-285C-476B-BBC1-5923E361F5E4}.AppStore|iPhone.Build.0 = Debug|Any CPU
		{9D21F8CA-285C-476B-BBC1-5923E361F5E4}.AppStore|iPhoneSimulator.ActiveCfg = Release|Any CPU
		{9D21F8CA-285C-476B-BBC1-5923E361F5E4}.AppStore|x64.ActiveCfg = Debug|Any CPU
		{9D21F8CA-285C-476B-BBC1-5923E361F5E4}.AppStore|x64.Build.0 = Debug|Any CPU
		{9D21F8CA-285C-476B-BBC1-5923E361F5E4}.AppStore|x64.Deploy.0 = Debug|Any CPU
		{9D21F8CA-285C-476B-BBC1-5923E361F5E4}.AppStore|x86.ActiveCfg = Debug|Any CPU
		{9D21F8CA-285C-476B-BBC1-5923E361F5E4}.AppStore|x86.Build.0 = Debug|Any CPU
		{9D21F8CA-285C-476B-BBC1-5923E361F5E4}.AppStore|x86.Deploy.0 = Debug|Any CPU
		{9D21F8CA-285C-476B-BBC1-5923E361F5E4}.Debug|Any CPU.ActiveCfg = Debug|Any CPU
		{9D21F8CA-285C-476B-BBC1-5923E361F5E4}.Debug|Any CPU.Build.0 = Debug|Any CPU
		{9D21F8CA-285C-476B-BBC1-5923E361F5E4}.Debug|Any CPU.Deploy.0 = Debug|Any CPU
		{9D21F8CA-285C-476B-BBC1-5923E361F5E4}.Debug|ARM.ActiveCfg = Debug|Any CPU
		{9D21F8CA-285C-476B-BBC1-5923E361F5E4}.Debug|ARM.Build.0 = Debug|Any CPU
		{9D21F8CA-285C-476B-BBC1-5923E361F5E4}.Debug|ARM.Deploy.0 = Debug|Any CPU
		{9D21F8CA-285C-476B-BBC1-5923E361F5E4}.Debug|iPhone.ActiveCfg = Debug|Any CPU
		{9D21F8CA-285C-476B-BBC1-5923E361F5E4}.Debug|iPhone.Build.0 = Debug|Any CPU
		{9D21F8CA-285C-476B-BBC1-5923E361F5E4}.Debug|iPhoneSimulator.ActiveCfg = Debug|Any CPU
		{9D21F8CA-285C-476B-BBC1-5923E361F5E4}.Debug|iPhoneSimulator.Build.0 = Debug|Any CPU
		{9D21F8CA-285C-476B-BBC1-5923E361F5E4}.Debug|x64.ActiveCfg = Debug|Any CPU
		{9D21F8CA-285C-476B-BBC1-5923E361F5E4}.Debug|x64.Build.0 = Debug|Any CPU
		{9D21F8CA-285C-476B-BBC1-5923E361F5E4}.Debug|x64.Deploy.0 = Debug|Any CPU
		{9D21F8CA-285C-476B-BBC1-5923E361F5E4}.Debug|x86.ActiveCfg = Debug|Any CPU
		{9D21F8CA-285C-476B-BBC1-5923E361F5E4}.Debug|x86.Build.0 = Debug|Any CPU
		{9D21F8CA-285C-476B-BBC1-5923E361F5E4}.Debug|x86.Deploy.0 = Debug|Any CPU
		{9D21F8CA-285C-476B-BBC1-5923E361F5E4}.Release|Any CPU.ActiveCfg = Release|Any CPU
		{9D21F8CA-285C-476B-BBC1-5923E361F5E4}.Release|Any CPU.Build.0 = Release|Any CPU
		{9D21F8CA-285C-476B-BBC1-5923E361F5E4}.Release|Any CPU.Deploy.0 = Release|Any CPU
		{9D21F8CA-285C-476B-BBC1-5923E361F5E4}.Release|ARM.ActiveCfg = Release|Any CPU
		{9D21F8CA-285C-476B-BBC1-5923E361F5E4}.Release|ARM.Build.0 = Release|Any CPU
		{9D21F8CA-285C-476B-BBC1-5923E361F5E4}.Release|ARM.Deploy.0 = Release|Any CPU
		{9D21F8CA-285C-476B-BBC1-5923E361F5E4}.Release|iPhone.ActiveCfg = Release|Any CPU
		{9D21F8CA-285C-476B-BBC1-5923E361F5E4}.Release|iPhone.Build.0 = Release|Any CPU
		{9D21F8CA-285C-476B-BBC1-5923E361F5E4}.Release|iPhoneSimulator.ActiveCfg = Release|Any CPU
		{9D21F8CA-285C-476B-BBC1-5923E361F5E4}.Release|iPhoneSimulator.Build.0 = Release|Any CPU
		{9D21F8CA-285C-476B-BBC1-5923E361F5E4}.Release|x64.ActiveCfg = Release|Any CPU
		{9D21F8CA-285C-476B-BBC1-5923E361F5E4}.Release|x64.Build.0 = Release|Any CPU
		{9D21F8CA-285C-476B-BBC1-5923E361F5E4}.Release|x64.Deploy.0 = Release|Any CPU
		{9D21F8CA-285C-476B-BBC1-5923E361F5E4}.Release|x86.ActiveCfg = Release|Any CPU
		{9D21F8CA-285C-476B-BBC1-5923E361F5E4}.Release|x86.Build.0 = Release|Any CPU
		{9D21F8CA-285C-476B-BBC1-5923E361F5E4}.Release|x86.Deploy.0 = Release|Any CPU
		{0D5AF0DE-B86B-48D4-B7FB-C515832FAF70}.Ad-Hoc|Any CPU.ActiveCfg = Release|Any CPU
		{0D5AF0DE-B86B-48D4-B7FB-C515832FAF70}.Ad-Hoc|ARM.ActiveCfg = Debug|Any CPU
		{0D5AF0DE-B86B-48D4-B7FB-C515832FAF70}.Ad-Hoc|ARM.Build.0 = Debug|Any CPU
		{0D5AF0DE-B86B-48D4-B7FB-C515832FAF70}.Ad-Hoc|iPhone.ActiveCfg = Debug|Any CPU
		{0D5AF0DE-B86B-48D4-B7FB-C515832FAF70}.Ad-Hoc|iPhone.Build.0 = Debug|Any CPU
		{0D5AF0DE-B86B-48D4-B7FB-C515832FAF70}.Ad-Hoc|iPhoneSimulator.ActiveCfg = Release|Any CPU
		{0D5AF0DE-B86B-48D4-B7FB-C515832FAF70}.Ad-Hoc|x64.ActiveCfg = Debug|Any CPU
		{0D5AF0DE-B86B-48D4-B7FB-C515832FAF70}.Ad-Hoc|x64.Build.0 = Debug|Any CPU
		{0D5AF0DE-B86B-48D4-B7FB-C515832FAF70}.Ad-Hoc|x86.ActiveCfg = Debug|Any CPU
		{0D5AF0DE-B86B-48D4-B7FB-C515832FAF70}.Ad-Hoc|x86.Build.0 = Debug|Any CPU
		{0D5AF0DE-B86B-48D4-B7FB-C515832FAF70}.AppStore|Any CPU.ActiveCfg = Release|Any CPU
		{0D5AF0DE-B86B-48D4-B7FB-C515832FAF70}.AppStore|ARM.ActiveCfg = Debug|Any CPU
		{0D5AF0DE-B86B-48D4-B7FB-C515832FAF70}.AppStore|ARM.Build.0 = Debug|Any CPU
		{0D5AF0DE-B86B-48D4-B7FB-C515832FAF70}.AppStore|iPhone.ActiveCfg = Debug|Any CPU
		{0D5AF0DE-B86B-48D4-B7FB-C515832FAF70}.AppStore|iPhone.Build.0 = Debug|Any CPU
		{0D5AF0DE-B86B-48D4-B7FB-C515832FAF70}.AppStore|iPhoneSimulator.ActiveCfg = Release|Any CPU
		{0D5AF0DE-B86B-48D4-B7FB-C515832FAF70}.AppStore|x64.ActiveCfg = Debug|Any CPU
		{0D5AF0DE-B86B-48D4-B7FB-C515832FAF70}.AppStore|x64.Build.0 = Debug|Any CPU
		{0D5AF0DE-B86B-48D4-B7FB-C515832FAF70}.AppStore|x86.ActiveCfg = Debug|Any CPU
		{0D5AF0DE-B86B-48D4-B7FB-C515832FAF70}.AppStore|x86.Build.0 = Debug|Any CPU
		{0D5AF0DE-B86B-48D4-B7FB-C515832FAF70}.Debug|Any CPU.ActiveCfg = Debug|Any CPU
		{0D5AF0DE-B86B-48D4-B7FB-C515832FAF70}.Debug|Any CPU.Build.0 = Debug|Any CPU
		{0D5AF0DE-B86B-48D4-B7FB-C515832FAF70}.Debug|ARM.ActiveCfg = Debug|Any CPU
		{0D5AF0DE-B86B-48D4-B7FB-C515832FAF70}.Debug|ARM.Build.0 = Debug|Any CPU
		{0D5AF0DE-B86B-48D4-B7FB-C515832FAF70}.Debug|iPhone.ActiveCfg = Debug|Any CPU
		{0D5AF0DE-B86B-48D4-B7FB-C515832FAF70}.Debug|iPhone.Build.0 = Debug|Any CPU
		{0D5AF0DE-B86B-48D4-B7FB-C515832FAF70}.Debug|iPhoneSimulator.ActiveCfg = Debug|Any CPU
		{0D5AF0DE-B86B-48D4-B7FB-C515832FAF70}.Debug|iPhoneSimulator.Build.0 = Debug|Any CPU
		{0D5AF0DE-B86B-48D4-B7FB-C515832FAF70}.Debug|x64.ActiveCfg = Debug|Any CPU
		{0D5AF0DE-B86B-48D4-B7FB-C515832FAF70}.Debug|x64.Build.0 = Debug|Any CPU
		{0D5AF0DE-B86B-48D4-B7FB-C515832FAF70}.Debug|x86.ActiveCfg = Debug|Any CPU
		{0D5AF0DE-B86B-48D4-B7FB-C515832FAF70}.Debug|x86.Build.0 = Debug|Any CPU
		{0D5AF0DE-B86B-48D4-B7FB-C515832FAF70}.Release|Any CPU.ActiveCfg = Release|Any CPU
		{0D5AF0DE-B86B-48D4-B7FB-C515832FAF70}.Release|Any CPU.Build.0 = Release|Any CPU
		{0D5AF0DE-B86B-48D4-B7FB-C515832FAF70}.Release|ARM.ActiveCfg = Release|Any CPU
		{0D5AF0DE-B86B-48D4-B7FB-C515832FAF70}.Release|ARM.Build.0 = Release|Any CPU
		{0D5AF0DE-B86B-48D4-B7FB-C515832FAF70}.Release|iPhone.ActiveCfg = Release|Any CPU
		{0D5AF0DE-B86B-48D4-B7FB-C515832FAF70}.Release|iPhone.Build.0 = Release|Any CPU
		{0D5AF0DE-B86B-48D4-B7FB-C515832FAF70}.Release|iPhoneSimulator.ActiveCfg = Release|Any CPU
		{0D5AF0DE-B86B-48D4-B7FB-C515832FAF70}.Release|iPhoneSimulator.Build.0 = Release|Any CPU
		{0D5AF0DE-B86B-48D4-B7FB-C515832FAF70}.Release|x64.ActiveCfg = Release|Any CPU
		{0D5AF0DE-B86B-48D4-B7FB-C515832FAF70}.Release|x64.Build.0 = Release|Any CPU
		{0D5AF0DE-B86B-48D4-B7FB-C515832FAF70}.Release|x86.ActiveCfg = Release|Any CPU
		{0D5AF0DE-B86B-48D4-B7FB-C515832FAF70}.Release|x86.Build.0 = Release|Any CPU
		{453AA87D-9788-4BD0-A001-8C0947A7347C}.Ad-Hoc|Any CPU.ActiveCfg = Ad-Hoc|iPhone
		{453AA87D-9788-4BD0-A001-8C0947A7347C}.Ad-Hoc|ARM.ActiveCfg = Ad-Hoc|iPhoneSimulator
		{453AA87D-9788-4BD0-A001-8C0947A7347C}.Ad-Hoc|iPhone.ActiveCfg = Ad-Hoc|iPhone
		{453AA87D-9788-4BD0-A001-8C0947A7347C}.Ad-Hoc|iPhone.Build.0 = Ad-Hoc|iPhone
		{453AA87D-9788-4BD0-A001-8C0947A7347C}.Ad-Hoc|iPhoneSimulator.ActiveCfg = Ad-Hoc|iPhone
		{453AA87D-9788-4BD0-A001-8C0947A7347C}.Ad-Hoc|x64.ActiveCfg = Ad-Hoc|iPhoneSimulator
		{453AA87D-9788-4BD0-A001-8C0947A7347C}.Ad-Hoc|x86.ActiveCfg = Ad-Hoc|iPhoneSimulator
		{453AA87D-9788-4BD0-A001-8C0947A7347C}.AppStore|Any CPU.ActiveCfg = AppStore|iPhone
		{453AA87D-9788-4BD0-A001-8C0947A7347C}.AppStore|ARM.ActiveCfg = AppStore|iPhoneSimulator
		{453AA87D-9788-4BD0-A001-8C0947A7347C}.AppStore|iPhone.ActiveCfg = AppStore|iPhone
		{453AA87D-9788-4BD0-A001-8C0947A7347C}.AppStore|iPhone.Build.0 = AppStore|iPhone
		{453AA87D-9788-4BD0-A001-8C0947A7347C}.AppStore|iPhoneSimulator.ActiveCfg = AppStore|iPhone
		{453AA87D-9788-4BD0-A001-8C0947A7347C}.AppStore|x64.ActiveCfg = AppStore|iPhoneSimulator
		{453AA87D-9788-4BD0-A001-8C0947A7347C}.AppStore|x86.ActiveCfg = AppStore|iPhoneSimulator
		{453AA87D-9788-4BD0-A001-8C0947A7347C}.Debug|Any CPU.ActiveCfg = Debug|iPhoneSimulator
		{453AA87D-9788-4BD0-A001-8C0947A7347C}.Debug|Any CPU.Build.0 = Debug|iPhoneSimulator
		{453AA87D-9788-4BD0-A001-8C0947A7347C}.Debug|ARM.ActiveCfg = Debug|iPhone
		{453AA87D-9788-4BD0-A001-8C0947A7347C}.Debug|iPhone.ActiveCfg = Debug|iPhone
		{453AA87D-9788-4BD0-A001-8C0947A7347C}.Debug|iPhone.Build.0 = Debug|iPhone
		{453AA87D-9788-4BD0-A001-8C0947A7347C}.Debug|iPhoneSimulator.ActiveCfg = Debug|iPhoneSimulator
		{453AA87D-9788-4BD0-A001-8C0947A7347C}.Debug|iPhoneSimulator.Build.0 = Debug|iPhoneSimulator
		{453AA87D-9788-4BD0-A001-8C0947A7347C}.Debug|x64.ActiveCfg = Debug|iPhone
		{453AA87D-9788-4BD0-A001-8C0947A7347C}.Debug|x86.ActiveCfg = Debug|iPhone
		{453AA87D-9788-4BD0-A001-8C0947A7347C}.Release|Any CPU.ActiveCfg = Release|iPhoneSimulator
		{453AA87D-9788-4BD0-A001-8C0947A7347C}.Release|Any CPU.Build.0 = Release|iPhoneSimulator
		{453AA87D-9788-4BD0-A001-8C0947A7347C}.Release|ARM.ActiveCfg = Release|iPhone
		{453AA87D-9788-4BD0-A001-8C0947A7347C}.Release|iPhone.ActiveCfg = Release|iPhone
		{453AA87D-9788-4BD0-A001-8C0947A7347C}.Release|iPhone.Build.0 = Release|iPhone
		{453AA87D-9788-4BD0-A001-8C0947A7347C}.Release|iPhoneSimulator.ActiveCfg = Release|iPhoneSimulator
		{453AA87D-9788-4BD0-A001-8C0947A7347C}.Release|iPhoneSimulator.Build.0 = Release|iPhoneSimulator
		{453AA87D-9788-4BD0-A001-8C0947A7347C}.Release|x64.ActiveCfg = Release|iPhone
		{453AA87D-9788-4BD0-A001-8C0947A7347C}.Release|x86.ActiveCfg = Release|iPhone
		{D207FDD4-7EDE-4AB7-BA6F-EBFD68E22968}.Ad-Hoc|Any CPU.ActiveCfg = Release|x64
		{D207FDD4-7EDE-4AB7-BA6F-EBFD68E22968}.Ad-Hoc|Any CPU.Build.0 = Release|x64
		{D207FDD4-7EDE-4AB7-BA6F-EBFD68E22968}.Ad-Hoc|Any CPU.Deploy.0 = Release|x64
		{D207FDD4-7EDE-4AB7-BA6F-EBFD68E22968}.Ad-Hoc|ARM.ActiveCfg = Release|ARM
		{D207FDD4-7EDE-4AB7-BA6F-EBFD68E22968}.Ad-Hoc|ARM.Build.0 = Release|ARM
		{D207FDD4-7EDE-4AB7-BA6F-EBFD68E22968}.Ad-Hoc|ARM.Deploy.0 = Release|ARM
		{D207FDD4-7EDE-4AB7-BA6F-EBFD68E22968}.Ad-Hoc|iPhone.ActiveCfg = Release|x64
		{D207FDD4-7EDE-4AB7-BA6F-EBFD68E22968}.Ad-Hoc|iPhone.Build.0 = Release|x64
		{D207FDD4-7EDE-4AB7-BA6F-EBFD68E22968}.Ad-Hoc|iPhone.Deploy.0 = Release|x64
		{D207FDD4-7EDE-4AB7-BA6F-EBFD68E22968}.Ad-Hoc|iPhoneSimulator.ActiveCfg = Release|x64
		{D207FDD4-7EDE-4AB7-BA6F-EBFD68E22968}.Ad-Hoc|iPhoneSimulator.Build.0 = Release|x64
		{D207FDD4-7EDE-4AB7-BA6F-EBFD68E22968}.Ad-Hoc|iPhoneSimulator.Deploy.0 = Release|x64
		{D207FDD4-7EDE-4AB7-BA6F-EBFD68E22968}.Ad-Hoc|x64.ActiveCfg = Release|x64
		{D207FDD4-7EDE-4AB7-BA6F-EBFD68E22968}.Ad-Hoc|x64.Build.0 = Release|x64
		{D207FDD4-7EDE-4AB7-BA6F-EBFD68E22968}.Ad-Hoc|x64.Deploy.0 = Release|x64
		{D207FDD4-7EDE-4AB7-BA6F-EBFD68E22968}.Ad-Hoc|x86.ActiveCfg = Release|x86
		{D207FDD4-7EDE-4AB7-BA6F-EBFD68E22968}.Ad-Hoc|x86.Build.0 = Release|x86
		{D207FDD4-7EDE-4AB7-BA6F-EBFD68E22968}.Ad-Hoc|x86.Deploy.0 = Release|x86
		{D207FDD4-7EDE-4AB7-BA6F-EBFD68E22968}.AppStore|Any CPU.ActiveCfg = Release|x64
		{D207FDD4-7EDE-4AB7-BA6F-EBFD68E22968}.AppStore|Any CPU.Build.0 = Release|x64
		{D207FDD4-7EDE-4AB7-BA6F-EBFD68E22968}.AppStore|Any CPU.Deploy.0 = Release|x64
		{D207FDD4-7EDE-4AB7-BA6F-EBFD68E22968}.AppStore|ARM.ActiveCfg = Release|ARM
		{D207FDD4-7EDE-4AB7-BA6F-EBFD68E22968}.AppStore|ARM.Build.0 = Release|ARM
		{D207FDD4-7EDE-4AB7-BA6F-EBFD68E22968}.AppStore|ARM.Deploy.0 = Release|ARM
		{D207FDD4-7EDE-4AB7-BA6F-EBFD68E22968}.AppStore|iPhone.ActiveCfg = Release|x64
		{D207FDD4-7EDE-4AB7-BA6F-EBFD68E22968}.AppStore|iPhone.Build.0 = Release|x64
		{D207FDD4-7EDE-4AB7-BA6F-EBFD68E22968}.AppStore|iPhone.Deploy.0 = Release|x64
		{D207FDD4-7EDE-4AB7-BA6F-EBFD68E22968}.AppStore|iPhoneSimulator.ActiveCfg = Release|x64
		{D207FDD4-7EDE-4AB7-BA6F-EBFD68E22968}.AppStore|iPhoneSimulator.Build.0 = Release|x64
		{D207FDD4-7EDE-4AB7-BA6F-EBFD68E22968}.AppStore|iPhoneSimulator.Deploy.0 = Release|x64
		{D207FDD4-7EDE-4AB7-BA6F-EBFD68E22968}.AppStore|x64.ActiveCfg = Release|x64
		{D207FDD4-7EDE-4AB7-BA6F-EBFD68E22968}.AppStore|x64.Build.0 = Release|x64
		{D207FDD4-7EDE-4AB7-BA6F-EBFD68E22968}.AppStore|x64.Deploy.0 = Release|x64
		{D207FDD4-7EDE-4AB7-BA6F-EBFD68E22968}.AppStore|x86.ActiveCfg = Release|x86
		{D207FDD4-7EDE-4AB7-BA6F-EBFD68E22968}.AppStore|x86.Build.0 = Release|x86
		{D207FDD4-7EDE-4AB7-BA6F-EBFD68E22968}.AppStore|x86.Deploy.0 = Release|x86
		{D207FDD4-7EDE-4AB7-BA6F-EBFD68E22968}.Debug|Any CPU.ActiveCfg = Debug|x86
		{D207FDD4-7EDE-4AB7-BA6F-EBFD68E22968}.Debug|Any CPU.Build.0 = Debug|x86
		{D207FDD4-7EDE-4AB7-BA6F-EBFD68E22968}.Debug|Any CPU.Deploy.0 = Debug|x86
		{D207FDD4-7EDE-4AB7-BA6F-EBFD68E22968}.Debug|ARM.ActiveCfg = Debug|ARM
		{D207FDD4-7EDE-4AB7-BA6F-EBFD68E22968}.Debug|ARM.Build.0 = Debug|ARM
		{D207FDD4-7EDE-4AB7-BA6F-EBFD68E22968}.Debug|ARM.Deploy.0 = Debug|ARM
		{D207FDD4-7EDE-4AB7-BA6F-EBFD68E22968}.Debug|iPhone.ActiveCfg = Debug|x86
		{D207FDD4-7EDE-4AB7-BA6F-EBFD68E22968}.Debug|iPhoneSimulator.ActiveCfg = Debug|x86
		{D207FDD4-7EDE-4AB7-BA6F-EBFD68E22968}.Debug|x64.ActiveCfg = Debug|x64
		{D207FDD4-7EDE-4AB7-BA6F-EBFD68E22968}.Debug|x64.Build.0 = Debug|x64
		{D207FDD4-7EDE-4AB7-BA6F-EBFD68E22968}.Debug|x64.Deploy.0 = Debug|x64
		{D207FDD4-7EDE-4AB7-BA6F-EBFD68E22968}.Debug|x86.ActiveCfg = Debug|x86
		{D207FDD4-7EDE-4AB7-BA6F-EBFD68E22968}.Debug|x86.Build.0 = Debug|x86
		{D207FDD4-7EDE-4AB7-BA6F-EBFD68E22968}.Debug|x86.Deploy.0 = Debug|x86
		{D207FDD4-7EDE-4AB7-BA6F-EBFD68E22968}.Release|Any CPU.ActiveCfg = Release|x86
		{D207FDD4-7EDE-4AB7-BA6F-EBFD68E22968}.Release|Any CPU.Build.0 = Release|x86
		{D207FDD4-7EDE-4AB7-BA6F-EBFD68E22968}.Release|Any CPU.Deploy.0 = Release|x86
		{D207FDD4-7EDE-4AB7-BA6F-EBFD68E22968}.Release|ARM.ActiveCfg = Release|ARM
		{D207FDD4-7EDE-4AB7-BA6F-EBFD68E22968}.Release|ARM.Build.0 = Release|ARM
		{D207FDD4-7EDE-4AB7-BA6F-EBFD68E22968}.Release|ARM.Deploy.0 = Release|ARM
		{D207FDD4-7EDE-4AB7-BA6F-EBFD68E22968}.Release|iPhone.ActiveCfg = Release|x86
		{D207FDD4-7EDE-4AB7-BA6F-EBFD68E22968}.Release|iPhoneSimulator.ActiveCfg = Release|x86
		{D207FDD4-7EDE-4AB7-BA6F-EBFD68E22968}.Release|x64.ActiveCfg = Release|x64
		{D207FDD4-7EDE-4AB7-BA6F-EBFD68E22968}.Release|x64.Build.0 = Release|x64
		{D207FDD4-7EDE-4AB7-BA6F-EBFD68E22968}.Release|x64.Deploy.0 = Release|x64
		{D207FDD4-7EDE-4AB7-BA6F-EBFD68E22968}.Release|x86.ActiveCfg = Release|x86
		{D207FDD4-7EDE-4AB7-BA6F-EBFD68E22968}.Release|x86.Build.0 = Release|x86
		{D207FDD4-7EDE-4AB7-BA6F-EBFD68E22968}.Release|x86.Deploy.0 = Release|x86
		{C3384E79-85F1-47AC-B761-F724B02400EB}.Ad-Hoc|Any CPU.ActiveCfg = Release|Any CPU
		{C3384E79-85F1-47AC-B761-F724B02400EB}.Ad-Hoc|Any CPU.Build.0 = Release|Any CPU
		{C3384E79-85F1-47AC-B761-F724B02400EB}.Ad-Hoc|ARM.ActiveCfg = Release|ARM
		{C3384E79-85F1-47AC-B761-F724B02400EB}.Ad-Hoc|ARM.Build.0 = Release|ARM
		{C3384E79-85F1-47AC-B761-F724B02400EB}.Ad-Hoc|iPhone.ActiveCfg = Release|Any CPU
		{C3384E79-85F1-47AC-B761-F724B02400EB}.Ad-Hoc|iPhone.Build.0 = Release|Any CPU
		{C3384E79-85F1-47AC-B761-F724B02400EB}.Ad-Hoc|iPhoneSimulator.ActiveCfg = Release|Any CPU
		{C3384E79-85F1-47AC-B761-F724B02400EB}.Ad-Hoc|iPhoneSimulator.Build.0 = Release|Any CPU
		{C3384E79-85F1-47AC-B761-F724B02400EB}.Ad-Hoc|x64.ActiveCfg = Release|x64
		{C3384E79-85F1-47AC-B761-F724B02400EB}.Ad-Hoc|x64.Build.0 = Release|x64
		{C3384E79-85F1-47AC-B761-F724B02400EB}.Ad-Hoc|x86.ActiveCfg = Release|x86
		{C3384E79-85F1-47AC-B761-F724B02400EB}.Ad-Hoc|x86.Build.0 = Release|x86
		{C3384E79-85F1-47AC-B761-F724B02400EB}.AppStore|Any CPU.ActiveCfg = Release|Any CPU
		{C3384E79-85F1-47AC-B761-F724B02400EB}.AppStore|Any CPU.Build.0 = Release|Any CPU
		{C3384E79-85F1-47AC-B761-F724B02400EB}.AppStore|ARM.ActiveCfg = Release|ARM
		{C3384E79-85F1-47AC-B761-F724B02400EB}.AppStore|ARM.Build.0 = Release|ARM
		{C3384E79-85F1-47AC-B761-F724B02400EB}.AppStore|iPhone.ActiveCfg = Release|Any CPU
		{C3384E79-85F1-47AC-B761-F724B02400EB}.AppStore|iPhone.Build.0 = Release|Any CPU
		{C3384E79-85F1-47AC-B761-F724B02400EB}.AppStore|iPhoneSimulator.ActiveCfg = Release|Any CPU
		{C3384E79-85F1-47AC-B761-F724B02400EB}.AppStore|iPhoneSimulator.Build.0 = Release|Any CPU
		{C3384E79-85F1-47AC-B761-F724B02400EB}.AppStore|x64.ActiveCfg = Release|x64
		{C3384E79-85F1-47AC-B761-F724B02400EB}.AppStore|x64.Build.0 = Release|x64
		{C3384E79-85F1-47AC-B761-F724B02400EB}.AppStore|x86.ActiveCfg = Release|x86
		{C3384E79-85F1-47AC-B761-F724B02400EB}.AppStore|x86.Build.0 = Release|x86
		{C3384E79-85F1-47AC-B761-F724B02400EB}.Debug|Any CPU.ActiveCfg = Debug|Any CPU
		{C3384E79-85F1-47AC-B761-F724B02400EB}.Debug|Any CPU.Build.0 = Debug|Any CPU
		{C3384E79-85F1-47AC-B761-F724B02400EB}.Debug|ARM.ActiveCfg = Debug|ARM
		{C3384E79-85F1-47AC-B761-F724B02400EB}.Debug|ARM.Build.0 = Debug|ARM
		{C3384E79-85F1-47AC-B761-F724B02400EB}.Debug|iPhone.ActiveCfg = Debug|Any CPU
		{C3384E79-85F1-47AC-B761-F724B02400EB}.Debug|iPhone.Build.0 = Debug|Any CPU
		{C3384E79-85F1-47AC-B761-F724B02400EB}.Debug|iPhoneSimulator.ActiveCfg = Debug|Any CPU
		{C3384E79-85F1-47AC-B761-F724B02400EB}.Debug|iPhoneSimulator.Build.0 = Debug|Any CPU
		{C3384E79-85F1-47AC-B761-F724B02400EB}.Debug|x64.ActiveCfg = Debug|x64
		{C3384E79-85F1-47AC-B761-F724B02400EB}.Debug|x64.Build.0 = Debug|x64
		{C3384E79-85F1-47AC-B761-F724B02400EB}.Debug|x86.ActiveCfg = Debug|x86
		{C3384E79-85F1-47AC-B761-F724B02400EB}.Debug|x86.Build.0 = Debug|x86
		{C3384E79-85F1-47AC-B761-F724B02400EB}.Release|Any CPU.ActiveCfg = Release|Any CPU
		{C3384E79-85F1-47AC-B761-F724B02400EB}.Release|Any CPU.Build.0 = Release|Any CPU
		{C3384E79-85F1-47AC-B761-F724B02400EB}.Release|ARM.ActiveCfg = Release|ARM
		{C3384E79-85F1-47AC-B761-F724B02400EB}.Release|ARM.Build.0 = Release|ARM
		{C3384E79-85F1-47AC-B761-F724B02400EB}.Release|iPhone.ActiveCfg = Release|Any CPU
		{C3384E79-85F1-47AC-B761-F724B02400EB}.Release|iPhone.Build.0 = Release|Any CPU
		{C3384E79-85F1-47AC-B761-F724B02400EB}.Release|iPhoneSimulator.ActiveCfg = Release|Any CPU
		{C3384E79-85F1-47AC-B761-F724B02400EB}.Release|iPhoneSimulator.Build.0 = Release|Any CPU
		{C3384E79-85F1-47AC-B761-F724B02400EB}.Release|x64.ActiveCfg = Release|x64
		{C3384E79-85F1-47AC-B761-F724B02400EB}.Release|x64.Build.0 = Release|x64
		{C3384E79-85F1-47AC-B761-F724B02400EB}.Release|x86.ActiveCfg = Release|x86
		{C3384E79-85F1-47AC-B761-F724B02400EB}.Release|x86.Build.0 = Release|x86
	EndGlobalSection
	GlobalSection(SolutionProperties) = preSolution
		HideSolutionNode = FALSE
	EndGlobalSection
EndGlobal
