
Microsoft Visual Studio Solution File, Format Version 12.00
# Visual Studio 14
VisualStudioVersion = 14.0.24720.0
MinimumVisualStudioVersion = 10.0.40219.1
Project("{FAE04EC0-301F-11D3-BF4B-00C04F79EFBC}") = "aiv-fast2d", "aiv-fast2d\aiv-fast2d.csproj", "{90EA02E6-9F1B-4396-B9A0-E54429F7952B}"
EndProject
Project("{FAE04EC0-301F-11D3-BF4B-00C04F79EFBC}") = "aiv-fast2d-example", "aiv-fast2d-example\aiv-fast2d-example.csproj", "{051FC68A-81B7-46AA-BADD-BFDEA23E9476}"
EndProject
Project("{FAE04EC0-301F-11D3-BF4B-00C04F79EFBC}") = "aiv-fast2d-example-android", "aiv-fast2d-example-android\aiv-fast2d-example-android.csproj", "{374C0B2A-38A3-46CA-BF2B-825C7A119B3A}"
EndProject
Project("{FAE04EC0-301F-11D3-BF4B-00C04F79EFBC}") = "aiv-fast2d-android", "aiv-fast2d-android\aiv-fast2d-android.csproj", "{D932686E-1501-467B-8FDE-4F16137C9876}"
EndProject
Project("{FAE04EC0-301F-11D3-BF4B-00C04F79EFBC}") = "aiv-fast2d-example-units", "aiv-fast2d-example-units\aiv-fast2d-example-units.csproj", "{5A87C0B2-EDC9-45A5-AA5F-0FA1502FE79B}"
EndProject
Global
	GlobalSection(SolutionConfigurationPlatforms) = preSolution
		Debug|Any CPU = Debug|Any CPU
		Release|Any CPU = Release|Any CPU
	EndGlobalSection
	GlobalSection(ProjectConfigurationPlatforms) = postSolution
		{90EA02E6-9F1B-4396-B9A0-E54429F7952B}.Debug|Any CPU.ActiveCfg = Debug|Any CPU
		{90EA02E6-9F1B-4396-B9A0-E54429F7952B}.Debug|Any CPU.Build.0 = Debug|Any CPU
		{90EA02E6-9F1B-4396-B9A0-E54429F7952B}.Release|Any CPU.ActiveCfg = Release|Any CPU
		{90EA02E6-9F1B-4396-B9A0-E54429F7952B}.Release|Any CPU.Build.0 = Release|Any CPU
		{051FC68A-81B7-46AA-BADD-BFDEA23E9476}.Debug|Any CPU.ActiveCfg = Debug|Any CPU
		{051FC68A-81B7-46AA-BADD-BFDEA23E9476}.Debug|Any CPU.Build.0 = Debug|Any CPU
		{051FC68A-81B7-46AA-BADD-BFDEA23E9476}.Release|Any CPU.ActiveCfg = Release|Any CPU
		{051FC68A-81B7-46AA-BADD-BFDEA23E9476}.Release|Any CPU.Build.0 = Release|Any CPU
		{374C0B2A-38A3-46CA-BF2B-825C7A119B3A}.Debug|Any CPU.ActiveCfg = Debug|Any CPU
		{374C0B2A-38A3-46CA-BF2B-825C7A119B3A}.Debug|Any CPU.Build.0 = Debug|Any CPU
		{374C0B2A-38A3-46CA-BF2B-825C7A119B3A}.Debug|Any CPU.Deploy.0 = Debug|Any CPU
		{374C0B2A-38A3-46CA-BF2B-825C7A119B3A}.Release|Any CPU.ActiveCfg = Release|Any CPU
		{374C0B2A-38A3-46CA-BF2B-825C7A119B3A}.Release|Any CPU.Build.0 = Release|Any CPU
		{374C0B2A-38A3-46CA-BF2B-825C7A119B3A}.Release|Any CPU.Deploy.0 = Release|Any CPU
		{D932686E-1501-467B-8FDE-4F16137C9876}.Debug|Any CPU.ActiveCfg = Debug|Any CPU
		{D932686E-1501-467B-8FDE-4F16137C9876}.Debug|Any CPU.Build.0 = Debug|Any CPU
		{D932686E-1501-467B-8FDE-4F16137C9876}.Release|Any CPU.ActiveCfg = Release|Any CPU
		{D932686E-1501-467B-8FDE-4F16137C9876}.Release|Any CPU.Build.0 = Release|Any CPU
		{5A87C0B2-EDC9-45A5-AA5F-0FA1502FE79B}.Debug|Any CPU.ActiveCfg = Debug|Any CPU
		{5A87C0B2-EDC9-45A5-AA5F-0FA1502FE79B}.Debug|Any CPU.Build.0 = Debug|Any CPU
		{5A87C0B2-EDC9-45A5-AA5F-0FA1502FE79B}.Release|Any CPU.ActiveCfg = Release|Any CPU
		{5A87C0B2-EDC9-45A5-AA5F-0FA1502FE79B}.Release|Any CPU.Build.0 = Release|Any CPU
	EndGlobalSection
	GlobalSection(SolutionProperties) = preSolution
		HideSolutionNode = FALSE
	EndGlobalSection
EndGlobal
