
Microsoft Visual Studio Solution File, Format Version 11.00
# Visual Studio 2010
Project("{FAE04EC0-301F-11D3-BF4B-00C04F79EFBC}") = "aiv-fast2d", "aiv-fast2d.csproj", "{90EA02E6-9F1B-4396-B9A0-E54429F7952B}"
EndProject
Global
	GlobalSection(SolutionConfigurationPlatforms) = preSolution
		Debug|Any CPU = Debug|Any CPU
		Release|Any CPU = Release|Any CPU
	EndGlobalSection
	GlobalSection(ProjectConfigurationPlatforms) = postSolution
		{90EA02E6-9F1B-4396-B9A0-E54429F7952B}.Debug|Any CPU.ActiveCfg = Debug|Any CPU
		{90EA02E6-9F1B-4396-B9A0-E54429F7952B}.Debug|Any CPU.Build.0 = Debug|Any CPU
		{90EA02E6-9F1B-4396-B9A0-E54429F7952B}.Release|Any CPU.ActiveCfg = Release|Any CPU
		{90EA02E6-9F1B-4396-B9A0-E54429F7952B}.Release|Any CPU.Build.0 = Release|Any CPU
	EndGlobalSection
EndGlobal
